// !$*UTF8*$!
{
	archiveVersion = 1;
	classes = {
	};
	objectVersion = 77;
	objects = {

/* Begin PBXBuildFile section */
		225AA2472E21177C00186E16 /* NumbersCore in Frameworks */ = {isa = PBXBuildFile; productRef = 225AA2462E21177C00186E16 /* NumbersCore */; };
		2271B1FD2E2573E600C4F9D0 /* WidgetKit.framework in Frameworks */ = {isa = PBXBuildFile; fileRef = 2271B1FC2E2573E600C4F9D0 /* WidgetKit.framework */; };
		2271B1FF2E2573E600C4F9D0 /* SwiftUI.framework in Frameworks */ = {isa = PBXBuildFile; fileRef = 2271B1FE2E2573E600C4F9D0 /* SwiftUI.framework */; };
		2271B2102E2573E800C4F9D0 /* InterestingNumbersWidgetExtension.appex in Embed Foundation Extensions */ = {isa = PBXBuildFile; fileRef = 2271B1FA2E2573E600C4F9D0 /* InterestingNumbersWidgetExtension.appex */; settings = {ATTRIBUTES = (RemoveHeadersOnCopy, ); }; };
		2271B2192E258CE500C4F9D0 /* NumbersCore in Frameworks */ = {isa = PBXBuildFile; productRef = 2271B2182E258CE500C4F9D0 /* NumbersCore */; };
/* End PBXBuildFile section */

/* Begin PBXContainerItemProxy section */
		2271B20E2E2573E800C4F9D0 /* PBXContainerItemProxy */ = {
			isa = PBXContainerItemProxy;
			containerPortal = 224B293A2E1CE9D70027E50F /* Project object */;
			proxyType = 1;
			remoteGlobalIDString = 2271B1F92E2573E600C4F9D0;
			remoteInfo = InterestingNumbersWidgetExtension;
		};
/* End PBXContainerItemProxy section */

/* Begin PBXCopyFilesBuildPhase section */
		2271B2152E2573E800C4F9D0 /* Embed Foundation Extensions */ = {
			isa = PBXCopyFilesBuildPhase;
			buildActionMask = 2147483647;
			dstPath = "";
			dstSubfolderSpec = 13;
			files = (
				2271B2102E2573E800C4F9D0 /* InterestingNumbersWidgetExtension.appex in Embed Foundation Extensions */,
			);
			name = "Embed Foundation Extensions";
			runOnlyForDeploymentPostprocessing = 0;
		};
/* End PBXCopyFilesBuildPhase section */

/* Begin PBXFileReference section */
		224B29422E1CE9D70027E50F /* Interesting numbers.app */ = {isa = PBXFileReference; explicitFileType = wrapper.application; includeInIndex = 0; path = "Interesting numbers.app"; sourceTree = BUILT_PRODUCTS_DIR; };
		2271B1FA2E2573E600C4F9D0 /* InterestingNumbersWidgetExtension.appex */ = {isa = PBXFileReference; explicitFileType = "wrapper.app-extension"; includeInIndex = 0; path = InterestingNumbersWidgetExtension.appex; sourceTree = BUILT_PRODUCTS_DIR; };
		2271B1FC2E2573E600C4F9D0 /* WidgetKit.framework */ = {isa = PBXFileReference; lastKnownFileType = wrapper.framework; name = WidgetKit.framework; path = System/Library/Frameworks/WidgetKit.framework; sourceTree = SDKROOT; };
		2271B1FE2E2573E600C4F9D0 /* SwiftUI.framework */ = {isa = PBXFileReference; lastKnownFileType = wrapper.framework; name = SwiftUI.framework; path = System/Library/Frameworks/SwiftUI.framework; sourceTree = SDKROOT; };
/* End PBXFileReference section */

/* Begin PBXFileSystemSynchronizedBuildFileExceptionSet section */
		2271B2112E2573E800C4F9D0 /* Exceptions for "InterestingNumbersWidget" folder in "InterestingNumbersWidgetExtension" target */ = {
			isa = PBXFileSystemSynchronizedBuildFileExceptionSet;
			membershipExceptions = (
				Info.plist,
			);
			target = 2271B1F92E2573E600C4F9D0 /* InterestingNumbersWidgetExtension */;
		};
/* End PBXFileSystemSynchronizedBuildFileExceptionSet section */

/* Begin PBXFileSystemSynchronizedRootGroup section */
		224B29442E1CE9D70027E50F /* Interesting numbers */ = {
			isa = PBXFileSystemSynchronizedRootGroup;
			path = "Interesting numbers";
			sourceTree = "<group>";
		};
		2271B2002E2573E600C4F9D0 /* InterestingNumbersWidget */ = {
			isa = PBXFileSystemSynchronizedRootGroup;
			exceptions = (
				2271B2112E2573E800C4F9D0 /* Exceptions for "InterestingNumbersWidget" folder in "InterestingNumbersWidgetExtension" target */,
			);
			path = InterestingNumbersWidget;
			sourceTree = "<group>";
		};
/* End PBXFileSystemSynchronizedRootGroup section */

/* Begin PBXFrameworksBuildPhase section */
		224B293F2E1CE9D70027E50F /* Frameworks */ = {
			isa = PBXFrameworksBuildPhase;
			buildActionMask = 2147483647;
			files = (
				225AA2472E21177C00186E16 /* NumbersCore in Frameworks */,
			);
			runOnlyForDeploymentPostprocessing = 0;
		};
		2271B1F72E2573E600C4F9D0 /* Frameworks */ = {
			isa = PBXFrameworksBuildPhase;
			buildActionMask = 2147483647;
			files = (
				2271B1FF2E2573E600C4F9D0 /* SwiftUI.framework in Frameworks */,
				2271B1FD2E2573E600C4F9D0 /* WidgetKit.framework in Frameworks */,
				2271B2192E258CE500C4F9D0 /* NumbersCore in Frameworks */,
			);
			runOnlyForDeploymentPostprocessing = 0;
		};
/* End PBXFrameworksBuildPhase section */

/* Begin PBXGroup section */
		224B29392E1CE9D70027E50F = {
			isa = PBXGroup;
			children = (
				224B29442E1CE9D70027E50F /* Interesting numbers */,
				2271B2002E2573E600C4F9D0 /* InterestingNumbersWidget */,
				2271B1FB2E2573E600C4F9D0 /* Frameworks */,
				224B29432E1CE9D70027E50F /* Products */,
			);
			sourceTree = "<group>";
		};
		224B29432E1CE9D70027E50F /* Products */ = {
			isa = PBXGroup;
			children = (
				224B29422E1CE9D70027E50F /* Interesting numbers.app */,
				2271B1FA2E2573E600C4F9D0 /* InterestingNumbersWidgetExtension.appex */,
			);
			name = Products;
			sourceTree = "<group>";
		};
		2271B1FB2E2573E600C4F9D0 /* Frameworks */ = {
			isa = PBXGroup;
			children = (
				2271B1FC2E2573E600C4F9D0 /* WidgetKit.framework */,
				2271B1FE2E2573E600C4F9D0 /* SwiftUI.framework */,
			);
			name = Frameworks;
			sourceTree = "<group>";
		};
/* End PBXGroup section */

/* Begin PBXNativeTarget section */
		224B29412E1CE9D70027E50F /* Interesting numbers */ = {
			isa = PBXNativeTarget;
			buildConfigurationList = 224B294D2E1CE9D90027E50F /* Build configuration list for PBXNativeTarget "Interesting numbers" */;
			buildPhases = (
				224B293E2E1CE9D70027E50F /* Sources */,
				224B293F2E1CE9D70027E50F /* Frameworks */,
				224B29402E1CE9D70027E50F /* Resources */,
				2271B2152E2573E800C4F9D0 /* Embed Foundation Extensions */,
			);
			buildRules = (
			);
			dependencies = (
				2271B20F2E2573E800C4F9D0 /* PBXTargetDependency */,
			);
			fileSystemSynchronizedGroups = (
				224B29442E1CE9D70027E50F /* Interesting numbers */,
			);
			name = "Interesting numbers";
			packageProductDependencies = (
				225AA2462E21177C00186E16 /* NumbersCore */,
			);
			productName = "Interesting numbers";
			productReference = 224B29422E1CE9D70027E50F /* Interesting numbers.app */;
			productType = "com.apple.product-type.application";
		};
		2271B1F92E2573E600C4F9D0 /* InterestingNumbersWidgetExtension */ = {
			isa = PBXNativeTarget;
			buildConfigurationList = 2271B2122E2573E800C4F9D0 /* Build configuration list for PBXNativeTarget "InterestingNumbersWidgetExtension" */;
			buildPhases = (
				2271B1F62E2573E600C4F9D0 /* Sources */,
				2271B1F72E2573E600C4F9D0 /* Frameworks */,
				2271B1F82E2573E600C4F9D0 /* Resources */,
			);
			buildRules = (
			);
			dependencies = (
			);
			fileSystemSynchronizedGroups = (
				2271B2002E2573E600C4F9D0 /* InterestingNumbersWidget */,
			);
			name = InterestingNumbersWidgetExtension;
			packageProductDependencies = (
				2271B2182E258CE500C4F9D0 /* NumbersCore */,
			);
			productName = InterestingNumbersWidgetExtension;
			productReference = 2271B1FA2E2573E600C4F9D0 /* InterestingNumbersWidgetExtension.appex */;
			productType = "com.apple.product-type.app-extension";
		};
/* End PBXNativeTarget section */

/* Begin PBXProject section */
		224B293A2E1CE9D70027E50F /* Project object */ = {
			isa = PBXProject;
			attributes = {
				BuildIndependentTargetsInParallel = 1;
				LastSwiftUpdateCheck = 1640;
				LastUpgradeCheck = 1640;
				TargetAttributes = {
					224B29412E1CE9D70027E50F = {
						CreatedOnToolsVersion = 16.4;
					};
					2271B1F92E2573E600C4F9D0 = {
						CreatedOnToolsVersion = 16.4;
					};
				};
			};
			buildConfigurationList = 224B293D2E1CE9D70027E50F /* Build configuration list for PBXProject "Interesting numbers" */;
			developmentRegion = en;
			hasScannedForEncodings = 0;
			knownRegions = (
				en,
				Base,
			);
			mainGroup = 224B29392E1CE9D70027E50F;
			minimizedProjectReferenceProxies = 1;
			packageReferences = (
				225AA2452E21177C00186E16 /* XCRemoteSwiftPackageReference "NumbersCoreLibrary" */,
			);
			preferredProjectObjectVersion = 77;
			productRefGroup = 224B29432E1CE9D70027E50F /* Products */;
			projectDirPath = "";
			projectRoot = "";
			targets = (
				224B29412E1CE9D70027E50F /* Interesting numbers */,
				2271B1F92E2573E600C4F9D0 /* InterestingNumbersWidgetExtension */,
			);
		};
/* End PBXProject section */

/* Begin PBXResourcesBuildPhase section */
		224B29402E1CE9D70027E50F /* Resources */ = {
			isa = PBXResourcesBuildPhase;
			buildActionMask = 2147483647;
			files = (
			);
			runOnlyForDeploymentPostprocessing = 0;
		};
		2271B1F82E2573E600C4F9D0 /* Resources */ = {
			isa = PBXResourcesBuildPhase;
			buildActionMask = 2147483647;
			files = (
			);
			runOnlyForDeploymentPostprocessing = 0;
		};
/* End PBXResourcesBuildPhase section */

/* Begin PBXSourcesBuildPhase section */
		224B293E2E1CE9D70027E50F /* Sources */ = {
			isa = PBXSourcesBuildPhase;
			buildActionMask = 2147483647;
			files = (
			);
			runOnlyForDeploymentPostprocessing = 0;
		};
		2271B1F62E2573E600C4F9D0 /* Sources */ = {
			isa = PBXSourcesBuildPhase;
			buildActionMask = 2147483647;
			files = (
			);
			runOnlyForDeploymentPostprocessing = 0;
		};
/* End PBXSourcesBuildPhase section */

/* Begin PBXTargetDependency section */
		2271B20F2E2573E800C4F9D0 /* PBXTargetDependency */ = {
			isa = PBXTargetDependency;
			target = 2271B1F92E2573E600C4F9D0 /* InterestingNumbersWidgetExtension */;
			targetProxy = 2271B20E2E2573E800C4F9D0 /* PBXContainerItemProxy */;
		};
/* End PBXTargetDependency section */

/* Begin XCBuildConfiguration section */
		224B294B2E1CE9D90027E50F /* Debug */ = {
			isa = XCBuildConfiguration;
			buildSettings = {
				ALWAYS_SEARCH_USER_PATHS = NO;
				ASSETCATALOG_COMPILER_GENERATE_SWIFT_ASSET_SYMBOL_EXTENSIONS = YES;
				CLANG_ANALYZER_NONNULL = YES;
				CLANG_ANALYZER_NUMBER_OBJECT_CONVERSION = YES_AGGRESSIVE;
				CLANG_CXX_LANGUAGE_STANDARD = "gnu++20";
				CLANG_ENABLE_MODULES = YES;
				CLANG_ENABLE_OBJC_ARC = YES;
				CLANG_ENABLE_OBJC_WEAK = YES;
				CLANG_WARN_BLOCK_CAPTURE_AUTORELEASING = YES;
				CLANG_WARN_BOOL_CONVERSION = YES;
				CLANG_WARN_COMMA = YES;
				CLANG_WARN_CONSTANT_CONVERSION = YES;
				CLANG_WARN_DEPRECATED_OBJC_IMPLEMENTATIONS = YES;
				CLANG_WARN_DIRECT_OBJC_ISA_USAGE = YES_ERROR;
				CLANG_WARN_DOCUMENTATION_COMMENTS = YES;
				CLANG_WARN_EMPTY_BODY = YES;
				CLANG_WARN_ENUM_CONVERSION = YES;
				CLANG_WARN_INFINITE_RECURSION = YES;
				CLANG_WARN_INT_CONVERSION = YES;
				CLANG_WARN_NON_LITERAL_NULL_CONVERSION = YES;
				CLANG_WARN_OBJC_IMPLICIT_RETAIN_SELF = YES;
				CLANG_WARN_OBJC_LITERAL_CONVERSION = YES;
				CLANG_WARN_OBJC_ROOT_CLASS = YES_ERROR;
				CLANG_WARN_QUOTED_INCLUDE_IN_FRAMEWORK_HEADER = YES;
				CLANG_WARN_RANGE_LOOP_ANALYSIS = YES;
				CLANG_WARN_STRICT_PROTOTYPES = YES;
				CLANG_WARN_SUSPICIOUS_MOVE = YES;
				CLANG_WARN_UNGUARDED_AVAILABILITY = YES_AGGRESSIVE;
				CLANG_WARN_UNREACHABLE_CODE = YES;
				CLANG_WARN__DUPLICATE_METHOD_MATCH = YES;
				COPY_PHASE_STRIP = NO;
				DEBUG_INFORMATION_FORMAT = dwarf;
				DEVELOPMENT_TEAM = 4D98645N8M;
				ENABLE_STRICT_OBJC_MSGSEND = YES;
				ENABLE_TESTABILITY = YES;
				ENABLE_USER_SCRIPT_SANDBOXING = YES;
				GCC_C_LANGUAGE_STANDARD = gnu17;
				GCC_DYNAMIC_NO_PIC = NO;
				GCC_NO_COMMON_BLOCKS = YES;
				GCC_OPTIMIZATION_LEVEL = 0;
				GCC_PREPROCESSOR_DEFINITIONS = (
					"DEBUG=1",
					"$(inherited)",
				);
				GCC_WARN_64_TO_32_BIT_CONVERSION = YES;
				GCC_WARN_ABOUT_RETURN_TYPE = YES_ERROR;
				GCC_WARN_UNDECLARED_SELECTOR = YES;
				GCC_WARN_UNINITIALIZED_AUTOS = YES_AGGRESSIVE;
				GCC_WARN_UNUSED_FUNCTION = YES;
				GCC_WARN_UNUSED_VARIABLE = YES;
				IPHONEOS_DEPLOYMENT_TARGET = 18.5;
				LOCALIZATION_PREFERS_STRING_CATALOGS = YES;
				MTL_ENABLE_DEBUG_INFO = INCLUDE_SOURCE;
				MTL_FAST_MATH = YES;
				ONLY_ACTIVE_ARCH = YES;
				SDKROOT = iphoneos;
				SWIFT_ACTIVE_COMPILATION_CONDITIONS = "DEBUG $(inherited)";
				SWIFT_OPTIMIZATION_LEVEL = "-Onone";
			};
			name = Debug;
		};
		224B294C2E1CE9D90027E50F /* Release */ = {
			isa = XCBuildConfiguration;
			buildSettings = {
				ALWAYS_SEARCH_USER_PATHS = NO;
				ASSETCATALOG_COMPILER_GENERATE_SWIFT_ASSET_SYMBOL_EXTENSIONS = YES;
				CLANG_ANALYZER_NONNULL = YES;
				CLANG_ANALYZER_NUMBER_OBJECT_CONVERSION = YES_AGGRESSIVE;
				CLANG_CXX_LANGUAGE_STANDARD = "gnu++20";
				CLANG_ENABLE_MODULES = YES;
				CLANG_ENABLE_OBJC_ARC = YES;
				CLANG_ENABLE_OBJC_WEAK = YES;
				CLANG_WARN_BLOCK_CAPTURE_AUTORELEASING = YES;
				CLANG_WARN_BOOL_CONVERSION = YES;
				CLANG_WARN_COMMA = YES;
				CLANG_WARN_CONSTANT_CONVERSION = YES;
				CLANG_WARN_DEPRECATED_OBJC_IMPLEMENTATIONS = YES;
				CLANG_WARN_DIRECT_OBJC_ISA_USAGE = YES_ERROR;
				CLANG_WARN_DOCUMENTATION_COMMENTS = YES;
				CLANG_WARN_EMPTY_BODY = YES;
				CLANG_WARN_ENUM_CONVERSION = YES;
				CLANG_WARN_INFINITE_RECURSION = YES;
				CLANG_WARN_INT_CONVERSION = YES;
				CLANG_WARN_NON_LITERAL_NULL_CONVERSION = YES;
				CLANG_WARN_OBJC_IMPLICIT_RETAIN_SELF = YES;
				CLANG_WARN_OBJC_LITERAL_CONVERSION = YES;
				CLANG_WARN_OBJC_ROOT_CLASS = YES_ERROR;
				CLANG_WARN_QUOTED_INCLUDE_IN_FRAMEWORK_HEADER = YES;
				CLANG_WARN_RANGE_LOOP_ANALYSIS = YES;
				CLANG_WARN_STRICT_PROTOTYPES = YES;
				CLANG_WARN_SUSPICIOUS_MOVE = YES;
				CLANG_WARN_UNGUARDED_AVAILABILITY = YES_AGGRESSIVE;
				CLANG_WARN_UNREACHABLE_CODE = YES;
				CLANG_WARN__DUPLICATE_METHOD_MATCH = YES;
				COPY_PHASE_STRIP = NO;
				DEBUG_INFORMATION_FORMAT = "dwarf-with-dsym";
				DEVELOPMENT_TEAM = 4D98645N8M;
				ENABLE_NS_ASSERTIONS = NO;
				ENABLE_STRICT_OBJC_MSGSEND = YES;
				ENABLE_USER_SCRIPT_SANDBOXING = YES;
				GCC_C_LANGUAGE_STANDARD = gnu17;
				GCC_NO_COMMON_BLOCKS = YES;
				GCC_WARN_64_TO_32_BIT_CONVERSION = YES;
				GCC_WARN_ABOUT_RETURN_TYPE = YES_ERROR;
				GCC_WARN_UNDECLARED_SELECTOR = YES;
				GCC_WARN_UNINITIALIZED_AUTOS = YES_AGGRESSIVE;
				GCC_WARN_UNUSED_FUNCTION = YES;
				GCC_WARN_UNUSED_VARIABLE = YES;
				IPHONEOS_DEPLOYMENT_TARGET = 18.5;
				LOCALIZATION_PREFERS_STRING_CATALOGS = YES;
				MTL_ENABLE_DEBUG_INFO = NO;
				MTL_FAST_MATH = YES;
				SDKROOT = iphoneos;
				SWIFT_COMPILATION_MODE = wholemodule;
				VALIDATE_PRODUCT = YES;
			};
			name = Release;
		};
		224B294E2E1CE9D90027E50F /* Debug */ = {
			isa = XCBuildConfiguration;
			buildSettings = {
				ASSETCATALOG_COMPILER_APPICON_NAME = AppIcon;
				ASSETCATALOG_COMPILER_GLOBAL_ACCENT_COLOR_NAME = AccentColor;
				CODE_SIGN_STYLE = Automatic;
				CURRENT_PROJECT_VERSION = 1;
				DEVELOPMENT_TEAM = 4D98645N8M;
				ENABLE_PREVIEWS = YES;
				GENERATE_INFOPLIST_FILE = YES;
				INFOPLIST_FILE = "Interesting-numbers-Info.plist";
				INFOPLIST_KEY_UIApplicationSceneManifest_Generation = YES;
				INFOPLIST_KEY_UIApplicationSupportsIndirectInputEvents = YES;
				INFOPLIST_KEY_UILaunchScreen_Generation = YES;
				INFOPLIST_KEY_UISupportedInterfaceOrientations = UIInterfaceOrientationPortrait;
				IPHONEOS_DEPLOYMENT_TARGET = 17.6;
				LD_RUNPATH_SEARCH_PATHS = (
					"$(inherited)",
					"@executable_path/Frameworks",
				);
				MARKETING_VERSION = 1.0;
				PRODUCT_BUNDLE_IDENTIFIER = "Solohub.Interesting-numbers";
				PRODUCT_NAME = "$(TARGET_NAME)";
				SUPPORTED_PLATFORMS = "iphoneos iphonesimulator";
				SUPPORTS_MACCATALYST = NO;
				SUPPORTS_MAC_DESIGNED_FOR_IPHONE_IPAD = NO;
				SUPPORTS_XR_DESIGNED_FOR_IPHONE_IPAD = NO;
				SWIFT_EMIT_LOC_STRINGS = YES;
				SWIFT_VERSION = 5.0;
				TARGETED_DEVICE_FAMILY = "1,2";
			};
			name = Debug;
		};
		224B294F2E1CE9D90027E50F /* Release */ = {
			isa = XCBuildConfiguration;
			buildSettings = {
				ASSETCATALOG_COMPILER_APPICON_NAME = AppIcon;
				ASSETCATALOG_COMPILER_GLOBAL_ACCENT_COLOR_NAME = AccentColor;
				CODE_SIGN_STYLE = Automatic;
				CURRENT_PROJECT_VERSION = 1;
				DEVELOPMENT_TEAM = 4D98645N8M;
				ENABLE_PREVIEWS = YES;
				GENERATE_INFOPLIST_FILE = YES;
				INFOPLIST_FILE = "Interesting-numbers-Info.plist";
				INFOPLIST_KEY_UIApplicationSceneManifest_Generation = YES;
				INFOPLIST_KEY_UIApplicationSupportsIndirectInputEvents = YES;
				INFOPLIST_KEY_UILaunchScreen_Generation = YES;
				INFOPLIST_KEY_UISupportedInterfaceOrientations = UIInterfaceOrientationPortrait;
				IPHONEOS_DEPLOYMENT_TARGET = 17.6;
				LD_RUNPATH_SEARCH_PATHS = (
					"$(inherited)",
					"@executable_path/Frameworks",
				);
				MARKETING_VERSION = 1.0;
				PRODUCT_BUNDLE_IDENTIFIER = "Solohub.Interesting-numbers";
				PRODUCT_NAME = "$(TARGET_NAME)";
				SUPPORTED_PLATFORMS = "iphoneos iphonesimulator";
				SUPPORTS_MACCATALYST = NO;
				SUPPORTS_MAC_DESIGNED_FOR_IPHONE_IPAD = NO;
				SUPPORTS_XR_DESIGNED_FOR_IPHONE_IPAD = NO;
				SWIFT_EMIT_LOC_STRINGS = YES;
				SWIFT_VERSION = 5.0;
				TARGETED_DEVICE_FAMILY = "1,2";
			};
			name = Release;
		};
		2271B2132E2573E800C4F9D0 /* Debug */ = {
			isa = XCBuildConfiguration;
			buildSettings = {
				ASSETCATALOG_COMPILER_GLOBAL_ACCENT_COLOR_NAME = AccentColor;
				ASSETCATALOG_COMPILER_WIDGET_BACKGROUND_COLOR_NAME = WidgetBackground;
				CODE_SIGN_STYLE = Automatic;
				CURRENT_PROJECT_VERSION = 1;
				DEVELOPMENT_TEAM = 4D98645N8M;
				GENERATE_INFOPLIST_FILE = YES;
				INFOPLIST_FILE = InterestingNumbersWidget/Info.plist;
				INFOPLIST_KEY_CFBundleDisplayName = InterestingNumbersWidget;
				INFOPLIST_KEY_NSHumanReadableCopyright = "";
				LD_RUNPATH_SEARCH_PATHS = (
					"$(inherited)",
					"@executable_path/Frameworks",
					"@executable_path/../../Frameworks",
				);
				MARKETING_VERSION = 1.0;
				PRODUCT_BUNDLE_IDENTIFIER = "Solohub.Interesting-numbers.InterestingNumbersWidget";
				PRODUCT_NAME = "$(TARGET_NAME)";
				SKIP_INSTALL = YES;
				SWIFT_EMIT_LOC_STRINGS = YES;
				SWIFT_VERSION = 5.0;
				TARGETED_DEVICE_FAMILY = "1,2";
			};
			name = Debug;
		};
		2271B2142E2573E800C4F9D0 /* Release */ = {
			isa = XCBuildConfiguration;
			buildSettings = {
				ASSETCATALOG_COMPILER_GLOBAL_ACCENT_COLOR_NAME = AccentColor;
				ASSETCATALOG_COMPILER_WIDGET_BACKGROUND_COLOR_NAME = WidgetBackground;
				CODE_SIGN_STYLE = Automatic;
				CURRENT_PROJECT_VERSION = 1;
				DEVELOPMENT_TEAM = 4D98645N8M;
				GENERATE_INFOPLIST_FILE = YES;
				INFOPLIST_FILE = InterestingNumbersWidget/Info.plist;
				INFOPLIST_KEY_CFBundleDisplayName = InterestingNumbersWidget;
				INFOPLIST_KEY_NSHumanReadableCopyright = "";
				LD_RUNPATH_SEARCH_PATHS = (
					"$(inherited)",
					"@executable_path/Frameworks",
					"@executable_path/../../Frameworks",
				);
				MARKETING_VERSION = 1.0;
				PRODUCT_BUNDLE_IDENTIFIER = "Solohub.Interesting-numbers.InterestingNumbersWidget";
				PRODUCT_NAME = "$(TARGET_NAME)";
				SKIP_INSTALL = YES;
				SWIFT_EMIT_LOC_STRINGS = YES;
				SWIFT_VERSION = 5.0;
				TARGETED_DEVICE_FAMILY = "1,2";
			};
			name = Release;
		};
/* End XCBuildConfiguration section */

/* Begin XCConfigurationList section */
		224B293D2E1CE9D70027E50F /* Build configuration list for PBXProject "Interesting numbers" */ = {
			isa = XCConfigurationList;
			buildConfigurations = (
				224B294B2E1CE9D90027E50F /* Debug */,
				224B294C2E1CE9D90027E50F /* Release */,
			);
			defaultConfigurationIsVisible = 0;
			defaultConfigurationName = Release;
		};
		224B294D2E1CE9D90027E50F /* Build configuration list for PBXNativeTarget "Interesting numbers" */ = {
			isa = XCConfigurationList;
			buildConfigurations = (
				224B294E2E1CE9D90027E50F /* Debug */,
				224B294F2E1CE9D90027E50F /* Release */,
			);
			defaultConfigurationIsVisible = 0;
			defaultConfigurationName = Release;
		};
		2271B2122E2573E800C4F9D0 /* Build configuration list for PBXNativeTarget "InterestingNumbersWidgetExtension" */ = {
			isa = XCConfigurationList;
			buildConfigurations = (
				2271B2132E2573E800C4F9D0 /* Debug */,
				2271B2142E2573E800C4F9D0 /* Release */,
			);
			defaultConfigurationIsVisible = 0;
			defaultConfigurationName = Release;
		};
/* End XCConfigurationList section */

/* Begin XCRemoteSwiftPackageReference section */
		225AA2452E21177C00186E16 /* XCRemoteSwiftPackageReference "NumbersCoreLibrary" */ = {
			isa = XCRemoteSwiftPackageReference;
			repositoryURL = "https://github.com/solohubivan/NumbersCoreLibrary";
			requirement = {
				branch = main;
				kind = branch;
			};
		};
/* End XCRemoteSwiftPackageReference section */

/* Begin XCSwiftPackageProductDependency section */
		225AA2462E21177C00186E16 /* NumbersCore */ = {
			isa = XCSwiftPackageProductDependency;
			package = 225AA2452E21177C00186E16 /* XCRemoteSwiftPackageReference "NumbersCoreLibrary" */;
			productName = NumbersCore;
		};
		2271B2182E258CE500C4F9D0 /* NumbersCore */ = {
			isa = XCSwiftPackageProductDependency;
			package = 225AA2452E21177C00186E16 /* XCRemoteSwiftPackageReference "NumbersCoreLibrary" */;
			productName = NumbersCore;
		};
/* End XCSwiftPackageProductDependency section */
	};
	rootObject = 224B293A2E1CE9D70027E50F /* Project object */;
}
